
Microsoft Visual Studio Solution File, Format Version 12.00
# Visual Studio Version 17
VisualStudioVersion = 17.4.33213.308
MinimumVisualStudioVersion = 10.0.40219.1
Project("{FAE04EC0-301F-11D3-BF4B-00C04F79EFBC}") = "MoviesAPI", "MoviesAPI\MoviesAPI.csproj", "{B6732549-CB72-409F-8674-70E8A57E625E}"
EndProject
Global
	GlobalSection(SolutionConfigurationPlatforms) = preSolution
		Debug|Any CPU = Debug|Any CPU
		Release|Any CPU = Release|Any CPU
	EndGlobalSection
	GlobalSection(ProjectConfigurationPlatforms) = postSolution
		{B6732549-CB72-409F-8674-70E8A57E625E}.Debug|Any CPU.ActiveCfg = Debug|Any CPU
		{B6732549-CB72-409F-8674-70E8A57E625E}.Debug|Any CPU.Build.0 = Debug|Any CPU
		{B6732549-CB72-409F-8674-70E8A57E625E}.Release|Any CPU.ActiveCfg = Release|Any CPU
		{B6732549-CB72-409F-8674-70E8A57E625E}.Release|Any CPU.Build.0 = Release|Any CPU
	EndGlobalSection
	GlobalSection(SolutionProperties) = preSolution
		HideSolutionNode = FALSE
	EndGlobalSection
	GlobalSection(ExtensibilityGlobals) = postSolution
		SolutionGuid = {17410D3E-1A30-4A2C-9DCE-AB4691F54671}
	EndGlobalSection
EndGlobal
